
Microsoft Visual Studio Solution File, Format Version 12.00
# Visual Studio Version 17
VisualStudioVersion = 17.1.32228.430
MinimumVisualStudioVersion = 10.0.40219.1
Project("{FAE04EC0-301F-11D3-BF4B-00C04F79EFBC}") = "blogSitesi", "blogSitesi\blogSitesi.csproj", "{8E2C8E52-5378-405B-87CA-8F14F2D55895}"
EndProject
Global
	GlobalSection(SolutionConfigurationPlatforms) = preSolution
		Debug|Any CPU = Debug|Any CPU
		Release|Any CPU = Release|Any CPU
	EndGlobalSection
	GlobalSection(ProjectConfigurationPlatforms) = postSolution
		{8E2C8E52-5378-405B-87CA-8F14F2D55895}.Debug|Any CPU.ActiveCfg = Debug|Any CPU
		{8E2C8E52-5378-405B-87CA-8F14F2D55895}.Debug|Any CPU.Build.0 = Debug|Any CPU
		{8E2C8E52-5378-405B-87CA-8F14F2D55895}.Release|Any CPU.ActiveCfg = Release|Any CPU
		{8E2C8E52-5378-405B-87CA-8F14F2D55895}.Release|Any CPU.Build.0 = Release|Any CPU
	EndGlobalSection
	GlobalSection(SolutionProperties) = preSolution
		HideSolutionNode = FALSE
	EndGlobalSection
	GlobalSection(ExtensibilityGlobals) = postSolution
		SolutionGuid = {DB1C20A4-C30F-4869-8671-4193084B8399}
	EndGlobalSection
EndGlobal
